// !$*UTF8*$!
{
	archiveVersion = 1;
	classes = {
	};
	objectVersion = 46;
	objects = {

/* Begin PBXBuildFile section */
		341F7499ECC395BABA57F96F /* Pods_DemoLoginsSDKs.framework in Frameworks */ = {isa = PBXBuildFile; fileRef = 5C1EDF3F827412AE969B1F47 /* Pods_DemoLoginsSDKs.framework */; };
		CAE683D19EEB1782226AEC04 /* Pods_DemoLoginsSDKsTests.framework in Frameworks */ = {isa = PBXBuildFile; fileRef = 39E2801586C56655CC80A1A3 /* Pods_DemoLoginsSDKsTests.framework */; };
		D98C21B01D2755F700481196 /* AppDelegate.swift in Sources */ = {isa = PBXBuildFile; fileRef = D98C21AF1D2755F700481196 /* AppDelegate.swift */; };
		D98C21B21D2755F700481196 /* LoginViewController.swift in Sources */ = {isa = PBXBuildFile; fileRef = D98C21B11D2755F700481196 /* LoginViewController.swift */; };
		D98C21B51D2755F700481196 /* Main.storyboard in Resources */ = {isa = PBXBuildFile; fileRef = D98C21B31D2755F700481196 /* Main.storyboard */; };
		D98C21B81D2755F700481196 /* DemoLoginsSDKs.xcdatamodeld in Sources */ = {isa = PBXBuildFile; fileRef = D98C21B61D2755F700481196 /* DemoLoginsSDKs.xcdatamodeld */; };
		D98C21BA1D2755F700481196 /* Assets.xcassets in Resources */ = {isa = PBXBuildFile; fileRef = D98C21B91D2755F700481196 /* Assets.xcassets */; };
		D98C21BD1D2755F700481196 /* LaunchScreen.storyboard in Resources */ = {isa = PBXBuildFile; fileRef = D98C21BB1D2755F700481196 /* LaunchScreen.storyboard */; };
		D98C21C81D2755F800481196 /* DemoLoginsSDKsTests.swift in Sources */ = {isa = PBXBuildFile; fileRef = D98C21C71D2755F800481196 /* DemoLoginsSDKsTests.swift */; };
		D98C21D31D2755F800481196 /* DemoLoginsSDKsUITests.swift in Sources */ = {isa = PBXBuildFile; fileRef = D98C21D21D2755F800481196 /* DemoLoginsSDKsUITests.swift */; };
		D98C21E11D27577D00481196 /* LogoutViewController.swift in Sources */ = {isa = PBXBuildFile; fileRef = D98C21E01D27577D00481196 /* LogoutViewController.swift */; };
		D991ECDA1D2B0C9800073D17 /* GoogleService-Info.plist in Resources */ = {isa = PBXBuildFile; fileRef = D991ECD91D2B0C9800073D17 /* GoogleService-Info.plist */; };
		ED8C914F4FF4EC009F5C32CD /* Pods_DemoLoginsSDKsUITests.framework in Frameworks */ = {isa = PBXBuildFile; fileRef = 98F83F02C0D1776643436970 /* Pods_DemoLoginsSDKsUITests.framework */; };
/* End PBXBuildFile section */

/* Begin PBXContainerItemProxy section */
		D98C21C41D2755F800481196 /* PBXContainerItemProxy */ = {
			isa = PBXContainerItemProxy;
			containerPortal = D98C21A41D2755F700481196 /* Project object */;
			proxyType = 1;
			remoteGlobalIDString = D98C21AB1D2755F700481196;
			remoteInfo = DemoLoginsSDKs;
		};
		D98C21CF1D2755F800481196 /* PBXContainerItemProxy */ = {
			isa = PBXContainerItemProxy;
			containerPortal = D98C21A41D2755F700481196 /* Project object */;
			proxyType = 1;
			remoteGlobalIDString = D98C21AB1D2755F700481196;
			remoteInfo = DemoLoginsSDKs;
		};
/* End PBXContainerItemProxy section */

/* Begin PBXFileReference section */
		39E2801586C56655CC80A1A3 /* Pods_DemoLoginsSDKsTests.framework */ = {isa = PBXFileReference; explicitFileType = wrapper.framework; includeInIndex = 0; path = Pods_DemoLoginsSDKsTests.framework; sourceTree = BUILT_PRODUCTS_DIR; };
		5C1EDF3F827412AE969B1F47 /* Pods_DemoLoginsSDKs.framework */ = {isa = PBXFileReference; explicitFileType = wrapper.framework; includeInIndex = 0; path = Pods_DemoLoginsSDKs.framework; sourceTree = BUILT_PRODUCTS_DIR; };
		626C6176C3DDF8CBA6A88D0B /* Pods-DemoLoginsSDKsTests.debug.xcconfig */ = {isa = PBXFileReference; includeInIndex = 1; lastKnownFileType = text.xcconfig; name = "Pods-DemoLoginsSDKsTests.debug.xcconfig"; path = "Pods/Target Support Files/Pods-DemoLoginsSDKsTests/Pods-DemoLoginsSDKsTests.debug.xcconfig"; sourceTree = "<group>"; };
		8D130478871CC66E1FFA7084 /* Pods-DemoLoginsSDKsUITests.release.xcconfig */ = {isa = PBXFileReference; includeInIndex = 1; lastKnownFileType = text.xcconfig; name = "Pods-DemoLoginsSDKsUITests.release.xcconfig"; path = "Pods/Target Support Files/Pods-DemoLoginsSDKsUITests/Pods-DemoLoginsSDKsUITests.release.xcconfig"; sourceTree = "<group>"; };
		98F83F02C0D1776643436970 /* Pods_DemoLoginsSDKsUITests.framework */ = {isa = PBXFileReference; explicitFileType = wrapper.framework; includeInIndex = 0; path = Pods_DemoLoginsSDKsUITests.framework; sourceTree = BUILT_PRODUCTS_DIR; };
		D4A86995C73A1C40F0EC8BB7 /* Pods-DemoLoginsSDKs.release.xcconfig */ = {isa = PBXFileReference; includeInIndex = 1; lastKnownFileType = text.xcconfig; name = "Pods-DemoLoginsSDKs.release.xcconfig"; path = "Pods/Target Support Files/Pods-DemoLoginsSDKs/Pods-DemoLoginsSDKs.release.xcconfig"; sourceTree = "<group>"; };
		D777185BB4DDB84132F02D8C /* Pods-DemoLoginsSDKsUITests.debug.xcconfig */ = {isa = PBXFileReference; includeInIndex = 1; lastKnownFileType = text.xcconfig; name = "Pods-DemoLoginsSDKsUITests.debug.xcconfig"; path = "Pods/Target Support Files/Pods-DemoLoginsSDKsUITests/Pods-DemoLoginsSDKsUITests.debug.xcconfig"; sourceTree = "<group>"; };
		D98C21AC1D2755F700481196 /* DemoLoginsSDKs.app */ = {isa = PBXFileReference; explicitFileType = wrapper.application; includeInIndex = 0; path = DemoLoginsSDKs.app; sourceTree = BUILT_PRODUCTS_DIR; };
		D98C21AF1D2755F700481196 /* AppDelegate.swift */ = {isa = PBXFileReference; lastKnownFileType = sourcecode.swift; path = AppDelegate.swift; sourceTree = "<group>"; };
		D98C21B11D2755F700481196 /* LoginViewController.swift */ = {isa = PBXFileReference; lastKnownFileType = sourcecode.swift; path = LoginViewController.swift; sourceTree = "<group>"; };
		D98C21B41D2755F700481196 /* Base */ = {isa = PBXFileReference; lastKnownFileType = file.storyboard; name = Base; path = Base.lproj/Main.storyboard; sourceTree = "<group>"; };
		D98C21B71D2755F700481196 /* DemoLoginsSDKs.xcdatamodel */ = {isa = PBXFileReference; lastKnownFileType = wrapper.xcdatamodel; path = DemoLoginsSDKs.xcdatamodel; sourceTree = "<group>"; };
		D98C21B91D2755F700481196 /* Assets.xcassets */ = {isa = PBXFileReference; lastKnownFileType = folder.assetcatalog; path = Assets.xcassets; sourceTree = "<group>"; };
		D98C21BC1D2755F700481196 /* Base */ = {isa = PBXFileReference; lastKnownFileType = file.storyboard; name = Base; path = Base.lproj/LaunchScreen.storyboard; sourceTree = "<group>"; };
		D98C21BE1D2755F700481196 /* Info.plist */ = {isa = PBXFileReference; lastKnownFileType = text.plist.xml; path = Info.plist; sourceTree = "<group>"; };
		D98C21C31D2755F800481196 /* DemoLoginsSDKsTests.xctest */ = {isa = PBXFileReference; explicitFileType = wrapper.cfbundle; includeInIndex = 0; path = DemoLoginsSDKsTests.xctest; sourceTree = BUILT_PRODUCTS_DIR; };
		D98C21C71D2755F800481196 /* DemoLoginsSDKsTests.swift */ = {isa = PBXFileReference; lastKnownFileType = sourcecode.swift; path = DemoLoginsSDKsTests.swift; sourceTree = "<group>"; };
		D98C21C91D2755F800481196 /* Info.plist */ = {isa = PBXFileReference; lastKnownFileType = text.plist.xml; path = Info.plist; sourceTree = "<group>"; };
		D98C21CE1D2755F800481196 /* DemoLoginsSDKsUITests.xctest */ = {isa = PBXFileReference; explicitFileType = wrapper.cfbundle; includeInIndex = 0; path = DemoLoginsSDKsUITests.xctest; sourceTree = BUILT_PRODUCTS_DIR; };
		D98C21D21D2755F800481196 /* DemoLoginsSDKsUITests.swift */ = {isa = PBXFileReference; lastKnownFileType = sourcecode.swift; path = DemoLoginsSDKsUITests.swift; sourceTree = "<group>"; };
		D98C21D41D2755F800481196 /* Info.plist */ = {isa = PBXFileReference; lastKnownFileType = text.plist.xml; path = Info.plist; sourceTree = "<group>"; };
		D98C21E01D27577D00481196 /* LogoutViewController.swift */ = {isa = PBXFileReference; fileEncoding = 4; lastKnownFileType = sourcecode.swift; path = LogoutViewController.swift; sourceTree = "<group>"; };
		D991ECD91D2B0C9800073D17 /* GoogleService-Info.plist */ = {isa = PBXFileReference; fileEncoding = 4; lastKnownFileType = text.plist.xml; path = "GoogleService-Info.plist"; sourceTree = "<group>"; };
		E349481C02DCE2E72C717D5F /* Pods-DemoLoginsSDKsTests.release.xcconfig */ = {isa = PBXFileReference; includeInIndex = 1; lastKnownFileType = text.xcconfig; name = "Pods-DemoLoginsSDKsTests.release.xcconfig"; path = "Pods/Target Support Files/Pods-DemoLoginsSDKsTests/Pods-DemoLoginsSDKsTests.release.xcconfig"; sourceTree = "<group>"; };
		FBAC75A8634AE70ACB18A322 /* Pods-DemoLoginsSDKs.debug.xcconfig */ = {isa = PBXFileReference; includeInIndex = 1; lastKnownFileType = text.xcconfig; name = "Pods-DemoLoginsSDKs.debug.xcconfig"; path = "Pods/Target Support Files/Pods-DemoLoginsSDKs/Pods-DemoLoginsSDKs.debug.xcconfig"; sourceTree = "<group>"; };
/* End PBXFileReference section */

/* Begin PBXFrameworksBuildPhase section */
		D98C21A91D2755F700481196 /* Frameworks */ = {
			isa = PBXFrameworksBuildPhase;
			buildActionMask = 2147483647;
			files = (
				341F7499ECC395BABA57F96F /* Pods_DemoLoginsSDKs.framework in Frameworks */,
			);
			runOnlyForDeploymentPostprocessing = 0;
		};
		D98C21C01D2755F800481196 /* Frameworks */ = {
			isa = PBXFrameworksBuildPhase;
			buildActionMask = 2147483647;
			files = (
				CAE683D19EEB1782226AEC04 /* Pods_DemoLoginsSDKsTests.framework in Frameworks */,
			);
			runOnlyForDeploymentPostprocessing = 0;
		};
		D98C21CB1D2755F800481196 /* Frameworks */ = {
			isa = PBXFrameworksBuildPhase;
			buildActionMask = 2147483647;
			files = (
				ED8C914F4FF4EC009F5C32CD /* Pods_DemoLoginsSDKsUITests.framework in Frameworks */,
			);
			runOnlyForDeploymentPostprocessing = 0;
		};
/* End PBXFrameworksBuildPhase section */

/* Begin PBXGroup section */
		85D7085180E9DD3608518FA3 /* Frameworks */ = {
			isa = PBXGroup;
			children = (
				5C1EDF3F827412AE969B1F47 /* Pods_DemoLoginsSDKs.framework */,
				39E2801586C56655CC80A1A3 /* Pods_DemoLoginsSDKsTests.framework */,
				98F83F02C0D1776643436970 /* Pods_DemoLoginsSDKsUITests.framework */,
			);
			name = Frameworks;
			sourceTree = "<group>";
		};
		8E8B84F6A219E7EA734419ED /* Pods */ = {
			isa = PBXGroup;
			children = (
				FBAC75A8634AE70ACB18A322 /* Pods-DemoLoginsSDKs.debug.xcconfig */,
				D4A86995C73A1C40F0EC8BB7 /* Pods-DemoLoginsSDKs.release.xcconfig */,
				626C6176C3DDF8CBA6A88D0B /* Pods-DemoLoginsSDKsTests.debug.xcconfig */,
				E349481C02DCE2E72C717D5F /* Pods-DemoLoginsSDKsTests.release.xcconfig */,
				D777185BB4DDB84132F02D8C /* Pods-DemoLoginsSDKsUITests.debug.xcconfig */,
				8D130478871CC66E1FFA7084 /* Pods-DemoLoginsSDKsUITests.release.xcconfig */,
			);
			name = Pods;
			sourceTree = "<group>";
		};
		D98C21A31D2755F700481196 = {
			isa = PBXGroup;
			children = (
				D98C21AE1D2755F700481196 /* DemoLoginsSDKs */,
				D98C21C61D2755F800481196 /* DemoLoginsSDKsTests */,
				D98C21D11D2755F800481196 /* DemoLoginsSDKsUITests */,
				D98C21AD1D2755F700481196 /* Products */,
				8E8B84F6A219E7EA734419ED /* Pods */,
				85D7085180E9DD3608518FA3 /* Frameworks */,
			);
			sourceTree = "<group>";
		};
		D98C21AD1D2755F700481196 /* Products */ = {
			isa = PBXGroup;
			children = (
				D98C21AC1D2755F700481196 /* DemoLoginsSDKs.app */,
				D98C21C31D2755F800481196 /* DemoLoginsSDKsTests.xctest */,
				D98C21CE1D2755F800481196 /* DemoLoginsSDKsUITests.xctest */,
			);
			name = Products;
			sourceTree = "<group>";
		};
		D98C21AE1D2755F700481196 /* DemoLoginsSDKs */ = {
			isa = PBXGroup;
			children = (
				D98C21AF1D2755F700481196 /* AppDelegate.swift */,
				D98C21E21D2757B000481196 /* ViewControllers */,
				D98C21B31D2755F700481196 /* Main.storyboard */,
				D98C21B91D2755F700481196 /* Assets.xcassets */,
				D98C21BB1D2755F700481196 /* LaunchScreen.storyboard */,
				D98C21BE1D2755F700481196 /* Info.plist */,
				D991ECD91D2B0C9800073D17 /* GoogleService-Info.plist */,
				D98C21B61D2755F700481196 /* DemoLoginsSDKs.xcdatamodeld */,
			);
			path = DemoLoginsSDKs;
			sourceTree = "<group>";
		};
		D98C21C61D2755F800481196 /* DemoLoginsSDKsTests */ = {
			isa = PBXGroup;
			children = (
				D98C21C71D2755F800481196 /* DemoLoginsSDKsTests.swift */,
				D98C21C91D2755F800481196 /* Info.plist */,
			);
			path = DemoLoginsSDKsTests;
			sourceTree = "<group>";
		};
		D98C21D11D2755F800481196 /* DemoLoginsSDKsUITests */ = {
			isa = PBXGroup;
			children = (
				D98C21D21D2755F800481196 /* DemoLoginsSDKsUITests.swift */,
				D98C21D41D2755F800481196 /* Info.plist */,
			);
			path = DemoLoginsSDKsUITests;
			sourceTree = "<group>";
		};
		D98C21E21D2757B000481196 /* ViewControllers */ = {
			isa = PBXGroup;
			children = (
				D98C21B11D2755F700481196 /* LoginViewController.swift */,
				D98C21E01D27577D00481196 /* LogoutViewController.swift */,
			);
			name = ViewControllers;
			sourceTree = "<group>";
		};
/* End PBXGroup section */

/* Begin PBXNativeTarget section */
		D98C21AB1D2755F700481196 /* DemoLoginsSDKs */ = {
			isa = PBXNativeTarget;
			buildConfigurationList = D98C21D71D2755F800481196 /* Build configuration list for PBXNativeTarget "DemoLoginsSDKs" */;
			buildPhases = (
				35B4AFD98A6E97368FBE7E09 /* [CP] Check Pods Manifest.lock */,
				D98C21A81D2755F700481196 /* Sources */,
				D98C21A91D2755F700481196 /* Frameworks */,
				D98C21AA1D2755F700481196 /* Resources */,
				28C21CE091B223BB292BDEFD /* [CP] Embed Pods Frameworks */,
				4C7A5A913CDE5837299102E2 /* [CP] Copy Pods Resources */,
				D991ECE91D2B344B00073D17 /* ShellScript */,
			);
			buildRules = (
			);
			dependencies = (
			);
			name = DemoLoginsSDKs;
			productName = DemoLoginsSDKs;
			productReference = D98C21AC1D2755F700481196 /* DemoLoginsSDKs.app */;
			productType = "com.apple.product-type.application";
		};
		D98C21C21D2755F800481196 /* DemoLoginsSDKsTests */ = {
			isa = PBXNativeTarget;
			buildConfigurationList = D98C21DA1D2755F800481196 /* Build configuration list for PBXNativeTarget "DemoLoginsSDKsTests" */;
			buildPhases = (
				E0E5E805D9C034E44F659767 /* [CP] Check Pods Manifest.lock */,
				D98C21BF1D2755F800481196 /* Sources */,
				D98C21C01D2755F800481196 /* Frameworks */,
				D98C21C11D2755F800481196 /* Resources */,
				5D720F3B6CF2CC7A1BE0EBDA /* [CP] Embed Pods Frameworks */,
				72F0DF8B977D82CA6A5A4D80 /* [CP] Copy Pods Resources */,
			);
			buildRules = (
			);
			dependencies = (
				D98C21C51D2755F800481196 /* PBXTargetDependency */,
			);
			name = DemoLoginsSDKsTests;
			productName = DemoLoginsSDKsTests;
			productReference = D98C21C31D2755F800481196 /* DemoLoginsSDKsTests.xctest */;
			productType = "com.apple.product-type.bundle.unit-test";
		};
		D98C21CD1D2755F800481196 /* DemoLoginsSDKsUITests */ = {
			isa = PBXNativeTarget;
			buildConfigurationList = D98C21DD1D2755F800481196 /* Build configuration list for PBXNativeTarget "DemoLoginsSDKsUITests" */;
			buildPhases = (
				EB3045F7F1C25A9CD276C943 /* [CP] Check Pods Manifest.lock */,
				D98C21CA1D2755F800481196 /* Sources */,
				D98C21CB1D2755F800481196 /* Frameworks */,
				D98C21CC1D2755F800481196 /* Resources */,
				82E59BD8E2A4787569882982 /* [CP] Copy Pods Resources */,
			);
			buildRules = (
			);
			dependencies = (
				D98C21D01D2755F800481196 /* PBXTargetDependency */,
			);
			name = DemoLoginsSDKsUITests;
			productName = DemoLoginsSDKsUITests;
			productReference = D98C21CE1D2755F800481196 /* DemoLoginsSDKsUITests.xctest */;
			productType = "com.apple.product-type.bundle.ui-testing";
		};
/* End PBXNativeTarget section */

/* Begin PBXProject section */
		D98C21A41D2755F700481196 /* Project object */ = {
			isa = PBXProject;
			attributes = {
				LastSwiftUpdateCheck = 0730;
				LastUpgradeCheck = 0730;
				ORGANIZATIONNAME = "Layne Faler";
				TargetAttributes = {
					D98C21AB1D2755F700481196 = {
						CreatedOnToolsVersion = 7.3.1;
					};
					D98C21C21D2755F800481196 = {
						CreatedOnToolsVersion = 7.3.1;
						TestTargetID = D98C21AB1D2755F700481196;
					};
					D98C21CD1D2755F800481196 = {
						CreatedOnToolsVersion = 7.3.1;
						TestTargetID = D98C21AB1D2755F700481196;
					};
				};
			};
			buildConfigurationList = D98C21A71D2755F700481196 /* Build configuration list for PBXProject "DemoLoginsSDKs" */;
			compatibilityVersion = "Xcode 3.2";
			developmentRegion = English;
			hasScannedForEncodings = 0;
			knownRegions = (
				en,
				Base,
			);
			mainGroup = D98C21A31D2755F700481196;
			productRefGroup = D98C21AD1D2755F700481196 /* Products */;
			projectDirPath = "";
			projectRoot = "";
			targets = (
				D98C21AB1D2755F700481196 /* DemoLoginsSDKs */,
				D98C21C21D2755F800481196 /* DemoLoginsSDKsTests */,
				D98C21CD1D2755F800481196 /* DemoLoginsSDKsUITests */,
			);
		};
/* End PBXProject section */

/* Begin PBXResourcesBuildPhase section */
		D98C21AA1D2755F700481196 /* Resources */ = {
			isa = PBXResourcesBuildPhase;
			buildActionMask = 2147483647;
			files = (
				D98C21BD1D2755F700481196 /* LaunchScreen.storyboard in Resources */,
				D991ECDA1D2B0C9800073D17 /* GoogleService-Info.plist in Resources */,
				D98C21BA1D2755F700481196 /* Assets.xcassets in Resources */,
				D98C21B51D2755F700481196 /* Main.storyboard in Resources */,
			);
			runOnlyForDeploymentPostprocessing = 0;
		};
		D98C21C11D2755F800481196 /* Resources */ = {
			isa = PBXResourcesBuildPhase;
			buildActionMask = 2147483647;
			files = (
			);
			runOnlyForDeploymentPostprocessing = 0;
		};
		D98C21CC1D2755F800481196 /* Resources */ = {
			isa = PBXResourcesBuildPhase;
			buildActionMask = 2147483647;
			files = (
			);
			runOnlyForDeploymentPostprocessing = 0;
		};
/* End PBXResourcesBuildPhase section */

/* Begin PBXShellScriptBuildPhase section */
		28C21CE091B223BB292BDEFD /* [CP] Embed Pods Frameworks */ = {
			isa = PBXShellScriptBuildPhase;
			buildActionMask = 2147483647;
			files = (
			);
			inputPaths = (
			);
			name = "[CP] Embed Pods Frameworks";
			outputPaths = (
			);
			runOnlyForDeploymentPostprocessing = 0;
			shellPath = /bin/sh;
			shellScript = "\"${SRCROOT}/Pods/Target Support Files/Pods-DemoLoginsSDKs/Pods-DemoLoginsSDKs-frameworks.sh\"\n";
			showEnvVarsInLog = 0;
		};
		35B4AFD98A6E97368FBE7E09 /* [CP] Check Pods Manifest.lock */ = {
			isa = PBXShellScriptBuildPhase;
			buildActionMask = 2147483647;
			files = (
			);
			inputPaths = (
			);
			name = "[CP] Check Pods Manifest.lock";
			outputPaths = (
			);
			runOnlyForDeploymentPostprocessing = 0;
			shellPath = /bin/sh;
			shellScript = "diff \"${PODS_ROOT}/../Podfile.lock\" \"${PODS_ROOT}/Manifest.lock\" > /dev/null\nif [[ $? != 0 ]] ; then\n    cat << EOM\nerror: The sandbox is not in sync with the Podfile.lock. Run 'pod install' or update your CocoaPods installation.\nEOM\n    exit 1\nfi\n";
			showEnvVarsInLog = 0;
		};
		4C7A5A913CDE5837299102E2 /* [CP] Copy Pods Resources */ = {
			isa = PBXShellScriptBuildPhase;
			buildActionMask = 2147483647;
			files = (
			);
			inputPaths = (
			);
			name = "[CP] Copy Pods Resources";
			outputPaths = (
			);
			runOnlyForDeploymentPostprocessing = 0;
			shellPath = /bin/sh;
			shellScript = "\"${SRCROOT}/Pods/Target Support Files/Pods-DemoLoginsSDKs/Pods-DemoLoginsSDKs-resources.sh\"\n";
			showEnvVarsInLog = 0;
		};
		5D720F3B6CF2CC7A1BE0EBDA /* [CP] Embed Pods Frameworks */ = {
			isa = PBXShellScriptBuildPhase;
			buildActionMask = 2147483647;
			files = (
			);
			inputPaths = (
			);
			name = "[CP] Embed Pods Frameworks";
			outputPaths = (
			);
			runOnlyForDeploymentPostprocessing = 0;
			shellPath = /bin/sh;
			shellScript = "\"${SRCROOT}/Pods/Target Support Files/Pods-DemoLoginsSDKsTests/Pods-DemoLoginsSDKsTests-frameworks.sh\"\n";
			showEnvVarsInLog = 0;
		};
		72F0DF8B977D82CA6A5A4D80 /* [CP] Copy Pods Resources */ = {
			isa = PBXShellScriptBuildPhase;
			buildActionMask = 2147483647;
			files = (
			);
			inputPaths = (
			);
			name = "[CP] Copy Pods Resources";
			outputPaths = (
			);
			runOnlyForDeploymentPostprocessing = 0;
			shellPath = /bin/sh;
			shellScript = "\"${SRCROOT}/Pods/Target Support Files/Pods-DemoLoginsSDKsTests/Pods-DemoLoginsSDKsTests-resources.sh\"\n";
			showEnvVarsInLog = 0;
		};
		82E59BD8E2A4787569882982 /* [CP] Copy Pods Resources */ = {
			isa = PBXShellScriptBuildPhase;
			buildActionMask = 2147483647;
			files = (
			);
			inputPaths = (
			);
			name = "[CP] Copy Pods Resources";
			outputPaths = (
			);
			runOnlyForDeploymentPostprocessing = 0;
			shellPath = /bin/sh;
			shellScript = "\"${SRCROOT}/Pods/Target Support Files/Pods-DemoLoginsSDKsUITests/Pods-DemoLoginsSDKsUITests-resources.sh\"\n";
			showEnvVarsInLog = 0;
		};
		D991ECE91D2B344B00073D17 /* ShellScript */ = {
			isa = PBXShellScriptBuildPhase;
			buildActionMask = 2147483647;
			files = (
			);
			inputPaths = (
			);
			outputPaths = (
			);
			runOnlyForDeploymentPostprocessing = 0;
			shellPath = /bin/sh;
			shellScript = "\"${PODS_ROOT}/Fabric/run\" acafd6f6909d5ed1e522b5941b0b859d699392da f274147eb1f94bf08b9b12e8cd100da9cb078e7ee5d242fe51ddec656ea7380c";
		};
		E0E5E805D9C034E44F659767 /* [CP] Check Pods Manifest.lock */ = {
			isa = PBXShellScriptBuildPhase;
			buildActionMask = 2147483647;
			files = (
			);
			inputPaths = (
			);
			name = "[CP] Check Pods Manifest.lock";
			outputPaths = (
			);
			runOnlyForDeploymentPostprocessing = 0;
			shellPath = /bin/sh;
			shellScript = "diff \"${PODS_ROOT}/../Podfile.lock\" \"${PODS_ROOT}/Manifest.lock\" > /dev/null\nif [[ $? != 0 ]] ; then\n    cat << EOM\nerror: The sandbox is not in sync with the Podfile.lock. Run 'pod install' or update your CocoaPods installation.\nEOM\n    exit 1\nfi\n";
			showEnvVarsInLog = 0;
		};
		EB3045F7F1C25A9CD276C943 /* [CP] Check Pods Manifest.lock */ = {
			isa = PBXShellScriptBuildPhase;
			buildActionMask = 2147483647;
			files = (
			);
			inputPaths = (
			);
			name = "[CP] Check Pods Manifest.lock";
			outputPaths = (
			);
			runOnlyForDeploymentPostprocessing = 0;
			shellPath = /bin/sh;
			shellScript = "diff \"${PODS_ROOT}/../Podfile.lock\" \"${PODS_ROOT}/Manifest.lock\" > /dev/null\nif [[ $? != 0 ]] ; then\n    cat << EOM\nerror: The sandbox is not in sync with the Podfile.lock. Run 'pod install' or update your CocoaPods installation.\nEOM\n    exit 1\nfi\n";
			showEnvVarsInLog = 0;
		};
/* End PBXShellScriptBuildPhase section */

/* Begin PBXSourcesBuildPhase section */
		D98C21A81D2755F700481196 /* Sources */ = {
			isa = PBXSourcesBuildPhase;
			buildActionMask = 2147483647;
			files = (
				D98C21B81D2755F700481196 /* DemoLoginsSDKs.xcdatamodeld in Sources */,
				D98C21B21D2755F700481196 /* LoginViewController.swift in Sources */,
				D98C21E11D27577D00481196 /* LogoutViewController.swift in Sources */,
				D98C21B01D2755F700481196 /* AppDelegate.swift in Sources */,
			);
			runOnlyForDeploymentPostprocessing = 0;
		};
		D98C21BF1D2755F800481196 /* Sources */ = {
			isa = PBXSourcesBuildPhase;
			buildActionMask = 2147483647;
			files = (
				D98C21C81D2755F800481196 /* DemoLoginsSDKsTests.swift in Sources */,
			);
			runOnlyForDeploymentPostprocessing = 0;
		};
		D98C21CA1D2755F800481196 /* Sources */ = {
			isa = PBXSourcesBuildPhase;
			buildActionMask = 2147483647;
			files = (
				D98C21D31D2755F800481196 /* DemoLoginsSDKsUITests.swift in Sources */,
			);
			runOnlyForDeploymentPostprocessing = 0;
		};
/* End PBXSourcesBuildPhase section */

/* Begin PBXTargetDependency section */
		D98C21C51D2755F800481196 /* PBXTargetDependency */ = {
			isa = PBXTargetDependency;
			target = D98C21AB1D2755F700481196 /* DemoLoginsSDKs */;
			targetProxy = D98C21C41D2755F800481196 /* PBXContainerItemProxy */;
		};
		D98C21D01D2755F800481196 /* PBXTargetDependency */ = {
			isa = PBXTargetDependency;
			target = D98C21AB1D2755F700481196 /* DemoLoginsSDKs */;
			targetProxy = D98C21CF1D2755F800481196 /* PBXContainerItemProxy */;
		};
/* End PBXTargetDependency section */

/* Begin PBXVariantGroup section */
		D98C21B31D2755F700481196 /* Main.storyboard */ = {
			isa = PBXVariantGroup;
			children = (
				D98C21B41D2755F700481196 /* Base */,
			);
			name = Main.storyboard;
			sourceTree = "<group>";
		};
		D98C21BB1D2755F700481196 /* LaunchScreen.storyboard */ = {
			isa = PBXVariantGroup;
			children = (
				D98C21BC1D2755F700481196 /* Base */,
			);
			name = LaunchScreen.storyboard;
			sourceTree = "<group>";
		};
/* End PBXVariantGroup section */

/* Begin XCBuildConfiguration section */
		D98C21D51D2755F800481196 /* Debug */ = {
			isa = XCBuildConfiguration;
			buildSettings = {
				ALWAYS_SEARCH_USER_PATHS = NO;
				CLANG_ANALYZER_NONNULL = YES;
				CLANG_CXX_LANGUAGE_STANDARD = "gnu++0x";
				CLANG_CXX_LIBRARY = "libc++";
				CLANG_ENABLE_MODULES = YES;
				CLANG_ENABLE_OBJC_ARC = YES;
				CLANG_WARN_BOOL_CONVERSION = YES;
				CLANG_WARN_CONSTANT_CONVERSION = YES;
				CLANG_WARN_DIRECT_OBJC_ISA_USAGE = YES_ERROR;
				CLANG_WARN_EMPTY_BODY = YES;
				CLANG_WARN_ENUM_CONVERSION = YES;
				CLANG_WARN_INT_CONVERSION = YES;
				CLANG_WARN_OBJC_ROOT_CLASS = YES_ERROR;
				CLANG_WARN_UNREACHABLE_CODE = YES;
				CLANG_WARN__DUPLICATE_METHOD_MATCH = YES;
				"CODE_SIGN_IDENTITY[sdk=iphoneos*]" = "iPhone Developer";
				COPY_PHASE_STRIP = NO;
				DEBUG_INFORMATION_FORMAT = dwarf;
				ENABLE_STRICT_OBJC_MSGSEND = YES;
				ENABLE_TESTABILITY = YES;
				GCC_C_LANGUAGE_STANDARD = gnu99;
				GCC_DYNAMIC_NO_PIC = NO;
				GCC_NO_COMMON_BLOCKS = YES;
				GCC_OPTIMIZATION_LEVEL = 0;
				GCC_PREPROCESSOR_DEFINITIONS = (
					"DEBUG=1",
					"$(inherited)",
				);
				GCC_WARN_64_TO_32_BIT_CONVERSION = YES;
				GCC_WARN_ABOUT_RETURN_TYPE = YES_ERROR;
				GCC_WARN_UNDECLARED_SELECTOR = YES;
				GCC_WARN_UNINITIALIZED_AUTOS = YES_AGGRESSIVE;
				GCC_WARN_UNUSED_FUNCTION = YES;
				GCC_WARN_UNUSED_VARIABLE = YES;
				IPHONEOS_DEPLOYMENT_TARGET = 9.3;
				MTL_ENABLE_DEBUG_INFO = YES;
				ONLY_ACTIVE_ARCH = YES;
				SDKROOT = iphoneos;
				SWIFT_OBJC_BRIDGING_HEADER = "$(SRCROOT)/$(PROJECT_NAME)/DemoLoginsSDKs-Bridging-Header.h";
				SWIFT_OPTIMIZATION_LEVEL = "-Onone";
			};
			name = Debug;
		};
		D98C21D61D2755F800481196 /* Release */ = {
			isa = XCBuildConfiguration;
			buildSettings = {
				ALWAYS_SEARCH_USER_PATHS = NO;
				CLANG_ANALYZER_NONNULL = YES;
				CLANG_CXX_LANGUAGE_STANDARD = "gnu++0x";
				CLANG_CXX_LIBRARY = "libc++";
				CLANG_ENABLE_MODULES = YES;
				CLANG_ENABLE_OBJC_ARC = YES;
				CLANG_WARN_BOOL_CONVERSION = YES;
				CLANG_WARN_CONSTANT_CONVERSION = YES;
				CLANG_WARN_DIRECT_OBJC_ISA_USAGE = YES_ERROR;
				CLANG_WARN_EMPTY_BODY = YES;
				CLANG_WARN_ENUM_CONVERSION = YES;
				CLANG_WARN_INT_CONVERSION = YES;
				CLANG_WARN_OBJC_ROOT_CLASS = YES_ERROR;
				CLANG_WARN_UNREACHABLE_CODE = YES;
				CLANG_WARN__DUPLICATE_METHOD_MATCH = YES;
				"CODE_SIGN_IDENTITY[sdk=iphoneos*]" = "iPhone Developer";
				COPY_PHASE_STRIP = NO;
				DEBUG_INFORMATION_FORMAT = "dwarf-with-dsym";
				ENABLE_NS_ASSERTIONS = NO;
				ENABLE_STRICT_OBJC_MSGSEND = YES;
				GCC_C_LANGUAGE_STANDARD = gnu99;
				GCC_NO_COMMON_BLOCKS = YES;
				GCC_WARN_64_TO_32_BIT_CONVERSION = YES;
				GCC_WARN_ABOUT_RETURN_TYPE = YES_ERROR;
				GCC_WARN_UNDECLARED_SELECTOR = YES;
				GCC_WARN_UNINITIALIZED_AUTOS = YES_AGGRESSIVE;
				GCC_WARN_UNUSED_FUNCTION = YES;
				GCC_WARN_UNUSED_VARIABLE = YES;
				IPHONEOS_DEPLOYMENT_TARGET = 9.3;
				MTL_ENABLE_DEBUG_INFO = NO;
				SDKROOT = iphoneos;
				SWIFT_OBJC_BRIDGING_HEADER = "$(SRCROOT)/$(PROJECT_NAME)/DemoLoginsSDKs-Bridging-Header.h";
				VALIDATE_PRODUCT = YES;
			};
			name = Release;
		};
		D98C21D81D2755F800481196 /* Debug */ = {
			isa = XCBuildConfiguration;
			baseConfigurationReference = FBAC75A8634AE70ACB18A322 /* Pods-DemoLoginsSDKs.debug.xcconfig */;
			buildSettings = {
				ASSETCATALOG_COMPILER_APPICON_NAME = AppIcon;
				DEFINES_MODULE = YES;
				FRAMEWORK_SEARCH_PATHS = (
					"$(inherited)",
					"$(PROJECT_DIR)/FacebookSDKs-iOS-4.13.1",
					"$(PROJECT_DIR)/google_signin_sdk_4_0_0",
					"$(PROJECT_DIR)/li-ios-sdk-1.0.7-release",
				);
				INFOPLIST_FILE = DemoLoginsSDKs/Info.plist;
				LD_RUNPATH_SEARCH_PATHS = "$(inherited) @executable_path/Frameworks";
				OTHER_LDFLAGS = (
					"$(OTHER_LDFLAGS)",
					"-ObjC",
				);
				PRODUCT_BUNDLE_IDENTIFIER = LayneFaler.DemoLoginsSDKs;
				PRODUCT_NAME = "$(TARGET_NAME)";
				SWIFT_INSTALL_OBJC_HEADER = NO;
				SWIFT_OBJC_BRIDGING_HEADER = "";
			};
			name = Debug;
		};
		D98C21D91D2755F800481196 /* Release */ = {
			isa = XCBuildConfiguration;
			baseConfigurationReference = D4A86995C73A1C40F0EC8BB7 /* Pods-DemoLoginsSDKs.release.xcconfig */;
			buildSettings = {
				ASSETCATALOG_COMPILER_APPICON_NAME = AppIcon;
				DEFINES_MODULE = YES;
				FRAMEWORK_SEARCH_PATHS = (
					"$(inherited)",
					"$(PROJECT_DIR)/FacebookSDKs-iOS-4.13.1",
					"$(PROJECT_DIR)/google_signin_sdk_4_0_0",
					"$(PROJECT_DIR)/li-ios-sdk-1.0.7-release",
				);
				INFOPLIST_FILE = DemoLoginsSDKs/Info.plist;
				LD_RUNPATH_SEARCH_PATHS = "$(inherited) @executable_path/Frameworks";
				OTHER_LDFLAGS = (
					"$(OTHER_LDFLAGS)",
					"-ObjC",
				);
				PRODUCT_BUNDLE_IDENTIFIER = LayneFaler.DemoLoginsSDKs;
				PRODUCT_NAME = "$(TARGET_NAME)";
				SWIFT_INSTALL_OBJC_HEADER = NO;
				SWIFT_OBJC_BRIDGING_HEADER = "";
			};
			name = Release;
		};
		D98C21DB1D2755F800481196 /* Debug */ = {
			isa = XCBuildConfiguration;
			baseConfigurationReference = 626C6176C3DDF8CBA6A88D0B /* Pods-DemoLoginsSDKsTests.debug.xcconfig */;
			buildSettings = {
				BUNDLE_LOADER = "$(TEST_HOST)";
				INFOPLIST_FILE = DemoLoginsSDKsTests/Info.plist;
				LD_RUNPATH_SEARCH_PATHS = "$(inherited) @executable_path/Frameworks @loader_path/Frameworks";
				PRODUCT_BUNDLE_IDENTIFIER = LayneFaler.DemoLoginsSDKsTests;
				PRODUCT_NAME = "$(TARGET_NAME)";
				TEST_HOST = "$(BUILT_PRODUCTS_DIR)/DemoLoginsSDKs.app/DemoLoginsSDKs";
			};
			name = Debug;
		};
		D98C21DC1D2755F800481196 /* Release */ = {
			isa = XCBuildConfiguration;
			baseConfigurationReference = E349481C02DCE2E72C717D5F /* Pods-DemoLoginsSDKsTests.release.xcconfig */;
			buildSettings = {
				BUNDLE_LOADER = "$(TEST_HOST)";
				INFOPLIST_FILE = DemoLoginsSDKsTests/Info.plist;
				LD_RUNPATH_SEARCH_PATHS = "$(inherited) @executable_path/Frameworks @loader_path/Frameworks";
				PRODUCT_BUNDLE_IDENTIFIER = LayneFaler.DemoLoginsSDKsTests;
				PRODUCT_NAME = "$(TARGET_NAME)";
				TEST_HOST = "$(BUILT_PRODUCTS_DIR)/DemoLoginsSDKs.app/DemoLoginsSDKs";
			};
			name = Release;
		};
		D98C21DE1D2755F800481196 /* Debug */ = {
			isa = XCBuildConfiguration;
			baseConfigurationReference = D777185BB4DDB84132F02D8C /* Pods-DemoLoginsSDKsUITests.debug.xcconfig */;
			buildSettings = {
				INFOPLIST_FILE = DemoLoginsSDKsUITests/Info.plist;
				LD_RUNPATH_SEARCH_PATHS = "$(inherited) @executable_path/Frameworks @loader_path/Frameworks";
				PRODUCT_BUNDLE_IDENTIFIER = LayneFaler.DemoLoginsSDKsUITests;
				PRODUCT_NAME = "$(TARGET_NAME)";
				TEST_TARGET_NAME = DemoLoginsSDKs;
			};
			name = Debug;
		};
		D98C21DF1D2755F800481196 /* Release */ = {
			isa = XCBuildConfiguration;
			baseConfigurationReference = 8D130478871CC66E1FFA7084 /* Pods-DemoLoginsSDKsUITests.release.xcconfig */;
			buildSettings = {
				INFOPLIST_FILE = DemoLoginsSDKsUITests/Info.plist;
				LD_RUNPATH_SEARCH_PATHS = "$(inherited) @executable_path/Frameworks @loader_path/Frameworks";
				PRODUCT_BUNDLE_IDENTIFIER = LayneFaler.DemoLoginsSDKsUITests;
				PRODUCT_NAME = "$(TARGET_NAME)";
				TEST_TARGET_NAME = DemoLoginsSDKs;
			};
			name = Release;
		};
/* End XCBuildConfiguration section */

/* Begin XCConfigurationList section */
		D98C21A71D2755F700481196 /* Build configuration list for PBXProject "DemoLoginsSDKs" */ = {
			isa = XCConfigurationList;
			buildConfigurations = (
				D98C21D51D2755F800481196 /* Debug */,
				D98C21D61D2755F800481196 /* Release */,
			);
			defaultConfigurationIsVisible = 0;
			defaultConfigurationName = Release;
		};
		D98C21D71D2755F800481196 /* Build configuration list for PBXNativeTarget "DemoLoginsSDKs" */ = {
			isa = XCConfigurationList;
			buildConfigurations = (
				D98C21D81D2755F800481196 /* Debug */,
				D98C21D91D2755F800481196 /* Release */,
			);
			defaultConfigurationIsVisible = 0;
			defaultConfigurationName = Release;
		};
		D98C21DA1D2755F800481196 /* Build configuration list for PBXNativeTarget "DemoLoginsSDKsTests" */ = {
			isa = XCConfigurationList;
			buildConfigurations = (
				D98C21DB1D2755F800481196 /* Debug */,
				D98C21DC1D2755F800481196 /* Release */,
			);
			defaultConfigurationIsVisible = 0;
			defaultConfigurationName = Release;
		};
		D98C21DD1D2755F800481196 /* Build configuration list for PBXNativeTarget "DemoLoginsSDKsUITests" */ = {
			isa = XCConfigurationList;
			buildConfigurations = (
				D98C21DE1D2755F800481196 /* Debug */,
				D98C21DF1D2755F800481196 /* Release */,
			);
			defaultConfigurationIsVisible = 0;
			defaultConfigurationName = Release;
		};
/* End XCConfigurationList section */

/* Begin XCVersionGroup section */
		D98C21B61D2755F700481196 /* DemoLoginsSDKs.xcdatamodeld */ = {
			isa = XCVersionGroup;
			children = (
				D98C21B71D2755F700481196 /* DemoLoginsSDKs.xcdatamodel */,
			);
			currentVersion = D98C21B71D2755F700481196 /* DemoLoginsSDKs.xcdatamodel */;
			path = DemoLoginsSDKs.xcdatamodeld;
			sourceTree = "<group>";
			versionGroupType = wrapper.xcdatamodel;
		};
/* End XCVersionGroup section */
	};
	rootObject = D98C21A41D2755F700481196 /* Project object */;
}
