// !$*UTF8*$!
{
	archiveVersion = 1;
	classes = {
	};
	objectVersion = 46;
	objects = {

/* Begin PBXBuildFile section */
		D97E0BB31D29AD6100E71057 /* FacebookCilent.swift in Sources */ = {isa = PBXBuildFile; fileRef = D97E0BB11D29AD6100E71057 /* FacebookCilent.swift */; };
		D97E0BB41D29AD6100E71057 /* FacebookConstants.swift in Sources */ = {isa = PBXBuildFile; fileRef = D97E0BB21D29AD6100E71057 /* FacebookConstants.swift */; };
		D97E0BCB1D29D8C700E71057 /* Bolts.framework in Frameworks */ = {isa = PBXBuildFile; fileRef = D97E0BC81D29D8C700E71057 /* Bolts.framework */; };
		D97E0BCC1D29D8C700E71057 /* FBSDKCoreKit.framework in Frameworks */ = {isa = PBXBuildFile; fileRef = D97E0BC91D29D8C700E71057 /* FBSDKCoreKit.framework */; };
		D97E0BCD1D29D8C700E71057 /* FBSDKLoginKit.framework in Frameworks */ = {isa = PBXBuildFile; fileRef = D97E0BCA1D29D8C700E71057 /* FBSDKLoginKit.framework */; };
		D97E0BD51D29D8DB00E71057 /* GoogleAppUtilities.framework in Frameworks */ = {isa = PBXBuildFile; fileRef = D97E0BCE1D29D8DB00E71057 /* GoogleAppUtilities.framework */; };
		D97E0BD61D29D8DB00E71057 /* GoogleAuthUtilities.framework in Frameworks */ = {isa = PBXBuildFile; fileRef = D97E0BCF1D29D8DB00E71057 /* GoogleAuthUtilities.framework */; };
		D97E0BD71D29D8DB00E71057 /* GoogleNetworkingUtilities.framework in Frameworks */ = {isa = PBXBuildFile; fileRef = D97E0BD01D29D8DB00E71057 /* GoogleNetworkingUtilities.framework */; };
		D97E0BD81D29D8DB00E71057 /* GoogleSignIn.bundle in Frameworks */ = {isa = PBXBuildFile; fileRef = D97E0BD11D29D8DB00E71057 /* GoogleSignIn.bundle */; };
		D97E0BD91D29D8DB00E71057 /* GoogleSignIn.framework in Frameworks */ = {isa = PBXBuildFile; fileRef = D97E0BD21D29D8DB00E71057 /* GoogleSignIn.framework */; };
		D97E0BDA1D29D8DB00E71057 /* GoogleSymbolUtilities.framework in Frameworks */ = {isa = PBXBuildFile; fileRef = D97E0BD31D29D8DB00E71057 /* GoogleSymbolUtilities.framework */; };
		D97E0BDB1D29D8DB00E71057 /* GoogleUtilities.framework in Frameworks */ = {isa = PBXBuildFile; fileRef = D97E0BD41D29D8DB00E71057 /* GoogleUtilities.framework */; };
		D98C21B01D2755F700481196 /* AppDelegate.swift in Sources */ = {isa = PBXBuildFile; fileRef = D98C21AF1D2755F700481196 /* AppDelegate.swift */; };
		D98C21B21D2755F700481196 /* LoginViewController.swift in Sources */ = {isa = PBXBuildFile; fileRef = D98C21B11D2755F700481196 /* LoginViewController.swift */; };
		D98C21B51D2755F700481196 /* Main.storyboard in Resources */ = {isa = PBXBuildFile; fileRef = D98C21B31D2755F700481196 /* Main.storyboard */; };
		D98C21B81D2755F700481196 /* DemoLoginsSDKs.xcdatamodeld in Sources */ = {isa = PBXBuildFile; fileRef = D98C21B61D2755F700481196 /* DemoLoginsSDKs.xcdatamodeld */; };
		D98C21BA1D2755F700481196 /* Assets.xcassets in Resources */ = {isa = PBXBuildFile; fileRef = D98C21B91D2755F700481196 /* Assets.xcassets */; };
		D98C21BD1D2755F700481196 /* LaunchScreen.storyboard in Resources */ = {isa = PBXBuildFile; fileRef = D98C21BB1D2755F700481196 /* LaunchScreen.storyboard */; };
		D98C21C81D2755F800481196 /* DemoLoginsSDKsTests.swift in Sources */ = {isa = PBXBuildFile; fileRef = D98C21C71D2755F800481196 /* DemoLoginsSDKsTests.swift */; };
		D98C21D31D2755F800481196 /* DemoLoginsSDKsUITests.swift in Sources */ = {isa = PBXBuildFile; fileRef = D98C21D21D2755F800481196 /* DemoLoginsSDKsUITests.swift */; };
		D98C21E11D27577D00481196 /* LogoutViewController.swift in Sources */ = {isa = PBXBuildFile; fileRef = D98C21E01D27577D00481196 /* LogoutViewController.swift */; };
/* End PBXBuildFile section */

/* Begin PBXContainerItemProxy section */
		D98C21C41D2755F800481196 /* PBXContainerItemProxy */ = {
			isa = PBXContainerItemProxy;
			containerPortal = D98C21A41D2755F700481196 /* Project object */;
			proxyType = 1;
			remoteGlobalIDString = D98C21AB1D2755F700481196;
			remoteInfo = DemoLoginsSDKs;
		};
		D98C21CF1D2755F800481196 /* PBXContainerItemProxy */ = {
			isa = PBXContainerItemProxy;
			containerPortal = D98C21A41D2755F700481196 /* Project object */;
			proxyType = 1;
			remoteGlobalIDString = D98C21AB1D2755F700481196;
			remoteInfo = DemoLoginsSDKs;
		};
/* End PBXContainerItemProxy section */

/* Begin PBXFileReference section */
		D97E0BB11D29AD6100E71057 /* FacebookCilent.swift */ = {isa = PBXFileReference; fileEncoding = 4; lastKnownFileType = sourcecode.swift; path = FacebookCilent.swift; sourceTree = "<group>"; };
		D97E0BB21D29AD6100E71057 /* FacebookConstants.swift */ = {isa = PBXFileReference; fileEncoding = 4; lastKnownFileType = sourcecode.swift; path = FacebookConstants.swift; sourceTree = "<group>"; };
		D97E0BB71D29B0E900E71057 /* Core.h */ = {isa = PBXFileReference; lastKnownFileType = sourcecode.c.h; path = Core.h; sourceTree = "<group>"; };
		D97E0BC21D29B0E900E71057 /* GGLConfiguration.h */ = {isa = PBXFileReference; lastKnownFileType = sourcecode.c.h; path = GGLConfiguration.h; sourceTree = "<group>"; };
		D97E0BC31D29B0E900E71057 /* GGLContext.h */ = {isa = PBXFileReference; lastKnownFileType = sourcecode.c.h; path = GGLContext.h; sourceTree = "<group>"; };
		D97E0BC41D29B0E900E71057 /* GGLErrorCode.h */ = {isa = PBXFileReference; lastKnownFileType = sourcecode.c.h; path = GGLErrorCode.h; sourceTree = "<group>"; };
		D97E0BC71D29D82F00E71057 /* DemoLoginsSDKs-Bridging-Header.h */ = {isa = PBXFileReference; lastKnownFileType = sourcecode.c.h; path = "DemoLoginsSDKs-Bridging-Header.h"; sourceTree = SOURCE_ROOT; };
		D97E0BC81D29D8C700E71057 /* Bolts.framework */ = {isa = PBXFileReference; lastKnownFileType = wrapper.framework; name = Bolts.framework; path = "FacebookSDKs-iOS-4.13.1/Bolts.framework"; sourceTree = "<group>"; };
		D97E0BC91D29D8C700E71057 /* FBSDKCoreKit.framework */ = {isa = PBXFileReference; lastKnownFileType = wrapper.framework; name = FBSDKCoreKit.framework; path = "FacebookSDKs-iOS-4.13.1/FBSDKCoreKit.framework"; sourceTree = "<group>"; };
		D97E0BCA1D29D8C700E71057 /* FBSDKLoginKit.framework */ = {isa = PBXFileReference; lastKnownFileType = wrapper.framework; name = FBSDKLoginKit.framework; path = "FacebookSDKs-iOS-4.13.1/FBSDKLoginKit.framework"; sourceTree = "<group>"; };
		D97E0BCE1D29D8DB00E71057 /* GoogleAppUtilities.framework */ = {isa = PBXFileReference; lastKnownFileType = wrapper.framework; name = GoogleAppUtilities.framework; path = google_signin_sdk_4_0_0/GoogleAppUtilities.framework; sourceTree = "<group>"; };
		D97E0BCF1D29D8DB00E71057 /* GoogleAuthUtilities.framework */ = {isa = PBXFileReference; lastKnownFileType = wrapper.framework; name = GoogleAuthUtilities.framework; path = google_signin_sdk_4_0_0/GoogleAuthUtilities.framework; sourceTree = "<group>"; };
		D97E0BD01D29D8DB00E71057 /* GoogleNetworkingUtilities.framework */ = {isa = PBXFileReference; lastKnownFileType = wrapper.framework; name = GoogleNetworkingUtilities.framework; path = google_signin_sdk_4_0_0/GoogleNetworkingUtilities.framework; sourceTree = "<group>"; };
		D97E0BD11D29D8DB00E71057 /* GoogleSignIn.bundle */ = {isa = PBXFileReference; lastKnownFileType = "wrapper.plug-in"; name = GoogleSignIn.bundle; path = google_signin_sdk_4_0_0/GoogleSignIn.bundle; sourceTree = "<group>"; };
		D97E0BD21D29D8DB00E71057 /* GoogleSignIn.framework */ = {isa = PBXFileReference; lastKnownFileType = wrapper.framework; name = GoogleSignIn.framework; path = google_signin_sdk_4_0_0/GoogleSignIn.framework; sourceTree = "<group>"; };
		D97E0BD31D29D8DB00E71057 /* GoogleSymbolUtilities.framework */ = {isa = PBXFileReference; lastKnownFileType = wrapper.framework; name = GoogleSymbolUtilities.framework; path = google_signin_sdk_4_0_0/GoogleSymbolUtilities.framework; sourceTree = "<group>"; };
		D97E0BD41D29D8DB00E71057 /* GoogleUtilities.framework */ = {isa = PBXFileReference; lastKnownFileType = wrapper.framework; name = GoogleUtilities.framework; path = google_signin_sdk_4_0_0/GoogleUtilities.framework; sourceTree = "<group>"; };
		D98C21AC1D2755F700481196 /* DemoLoginsSDKs.app */ = {isa = PBXFileReference; explicitFileType = wrapper.application; includeInIndex = 0; path = DemoLoginsSDKs.app; sourceTree = BUILT_PRODUCTS_DIR; };
		D98C21AF1D2755F700481196 /* AppDelegate.swift */ = {isa = PBXFileReference; lastKnownFileType = sourcecode.swift; path = AppDelegate.swift; sourceTree = "<group>"; };
		D98C21B11D2755F700481196 /* LoginViewController.swift */ = {isa = PBXFileReference; lastKnownFileType = sourcecode.swift; path = LoginViewController.swift; sourceTree = "<group>"; };
		D98C21B41D2755F700481196 /* Base */ = {isa = PBXFileReference; lastKnownFileType = file.storyboard; name = Base; path = Base.lproj/Main.storyboard; sourceTree = "<group>"; };
		D98C21B71D2755F700481196 /* DemoLoginsSDKs.xcdatamodel */ = {isa = PBXFileReference; lastKnownFileType = wrapper.xcdatamodel; path = DemoLoginsSDKs.xcdatamodel; sourceTree = "<group>"; };
		D98C21B91D2755F700481196 /* Assets.xcassets */ = {isa = PBXFileReference; lastKnownFileType = folder.assetcatalog; path = Assets.xcassets; sourceTree = "<group>"; };
		D98C21BC1D2755F700481196 /* Base */ = {isa = PBXFileReference; lastKnownFileType = file.storyboard; name = Base; path = Base.lproj/LaunchScreen.storyboard; sourceTree = "<group>"; };
		D98C21BE1D2755F700481196 /* Info.plist */ = {isa = PBXFileReference; lastKnownFileType = text.plist.xml; path = Info.plist; sourceTree = "<group>"; };
		D98C21C31D2755F800481196 /* DemoLoginsSDKsTests.xctest */ = {isa = PBXFileReference; explicitFileType = wrapper.cfbundle; includeInIndex = 0; path = DemoLoginsSDKsTests.xctest; sourceTree = BUILT_PRODUCTS_DIR; };
		D98C21C71D2755F800481196 /* DemoLoginsSDKsTests.swift */ = {isa = PBXFileReference; lastKnownFileType = sourcecode.swift; path = DemoLoginsSDKsTests.swift; sourceTree = "<group>"; };
		D98C21C91D2755F800481196 /* Info.plist */ = {isa = PBXFileReference; lastKnownFileType = text.plist.xml; path = Info.plist; sourceTree = "<group>"; };
		D98C21CE1D2755F800481196 /* DemoLoginsSDKsUITests.xctest */ = {isa = PBXFileReference; explicitFileType = wrapper.cfbundle; includeInIndex = 0; path = DemoLoginsSDKsUITests.xctest; sourceTree = BUILT_PRODUCTS_DIR; };
		D98C21D21D2755F800481196 /* DemoLoginsSDKsUITests.swift */ = {isa = PBXFileReference; lastKnownFileType = sourcecode.swift; path = DemoLoginsSDKsUITests.swift; sourceTree = "<group>"; };
		D98C21D41D2755F800481196 /* Info.plist */ = {isa = PBXFileReference; lastKnownFileType = text.plist.xml; path = Info.plist; sourceTree = "<group>"; };
		D98C21E01D27577D00481196 /* LogoutViewController.swift */ = {isa = PBXFileReference; fileEncoding = 4; lastKnownFileType = sourcecode.swift; path = LogoutViewController.swift; sourceTree = "<group>"; };
/* End PBXFileReference section */

/* Begin PBXFrameworksBuildPhase section */
		D98C21A91D2755F700481196 /* Frameworks */ = {
			isa = PBXFrameworksBuildPhase;
			buildActionMask = 2147483647;
			files = (
				D97E0BD51D29D8DB00E71057 /* GoogleAppUtilities.framework in Frameworks */,
				D97E0BD61D29D8DB00E71057 /* GoogleAuthUtilities.framework in Frameworks */,
				D97E0BD71D29D8DB00E71057 /* GoogleNetworkingUtilities.framework in Frameworks */,
				D97E0BD81D29D8DB00E71057 /* GoogleSignIn.bundle in Frameworks */,
				D97E0BD91D29D8DB00E71057 /* GoogleSignIn.framework in Frameworks */,
				D97E0BDA1D29D8DB00E71057 /* GoogleSymbolUtilities.framework in Frameworks */,
				D97E0BDB1D29D8DB00E71057 /* GoogleUtilities.framework in Frameworks */,
				D97E0BCB1D29D8C700E71057 /* Bolts.framework in Frameworks */,
				D97E0BCC1D29D8C700E71057 /* FBSDKCoreKit.framework in Frameworks */,
				D97E0BCD1D29D8C700E71057 /* FBSDKLoginKit.framework in Frameworks */,
			);
			runOnlyForDeploymentPostprocessing = 0;
		};
		D98C21C01D2755F800481196 /* Frameworks */ = {
			isa = PBXFrameworksBuildPhase;
			buildActionMask = 2147483647;
			files = (
			);
			runOnlyForDeploymentPostprocessing = 0;
		};
		D98C21CB1D2755F800481196 /* Frameworks */ = {
			isa = PBXFrameworksBuildPhase;
			buildActionMask = 2147483647;
			files = (
			);
			runOnlyForDeploymentPostprocessing = 0;
		};
/* End PBXFrameworksBuildPhase section */

/* Begin PBXGroup section */
		D97E0BB51D29AD6D00E71057 /* Logins */ = {
			isa = PBXGroup;
			children = (
				D97E0BB61D29AD7800E71057 /* Facebook */,
			);
			name = Logins;
			sourceTree = "<group>";
		};
		D97E0BB61D29AD7800E71057 /* Facebook */ = {
			isa = PBXGroup;
			children = (
				D97E0BB11D29AD6100E71057 /* FacebookCilent.swift */,
				D97E0BB21D29AD6100E71057 /* FacebookConstants.swift */,
			);
			name = Facebook;
			sourceTree = "<group>";
		};
		D97E0BC51D29B0F100E71057 /* Frameworks */ = {
			isa = PBXGroup;
			children = (
				D97E0BB71D29B0E900E71057 /* Core.h */,
				D97E0BC21D29B0E900E71057 /* GGLConfiguration.h */,
				D97E0BC31D29B0E900E71057 /* GGLContext.h */,
				D97E0BC41D29B0E900E71057 /* GGLErrorCode.h */,
			);
			name = Frameworks;
			sourceTree = "<group>";
		};
		D97E0BDC1D29D8F000E71057 /* Project Frameworks */ = {
			isa = PBXGroup;
			children = (
				D97E0BCE1D29D8DB00E71057 /* GoogleAppUtilities.framework */,
				D97E0BCF1D29D8DB00E71057 /* GoogleAuthUtilities.framework */,
				D97E0BD01D29D8DB00E71057 /* GoogleNetworkingUtilities.framework */,
				D97E0BD11D29D8DB00E71057 /* GoogleSignIn.bundle */,
				D97E0BD21D29D8DB00E71057 /* GoogleSignIn.framework */,
				D97E0BD31D29D8DB00E71057 /* GoogleSymbolUtilities.framework */,
				D97E0BD41D29D8DB00E71057 /* GoogleUtilities.framework */,
				D97E0BC81D29D8C700E71057 /* Bolts.framework */,
				D97E0BC91D29D8C700E71057 /* FBSDKCoreKit.framework */,
				D97E0BCA1D29D8C700E71057 /* FBSDKLoginKit.framework */,
			);
			name = "Project Frameworks";
			sourceTree = "<group>";
		};
		D98C21A31D2755F700481196 = {
			isa = PBXGroup;
			children = (
				D97E0BDC1D29D8F000E71057 /* Project Frameworks */,
				D98C21AE1D2755F700481196 /* DemoLoginsSDKs */,
				D98C21C61D2755F800481196 /* DemoLoginsSDKsTests */,
				D98C21D11D2755F800481196 /* DemoLoginsSDKsUITests */,
				D98C21AD1D2755F700481196 /* Products */,
			);
			sourceTree = "<group>";
		};
		D98C21AD1D2755F700481196 /* Products */ = {
			isa = PBXGroup;
			children = (
				D98C21AC1D2755F700481196 /* DemoLoginsSDKs.app */,
				D98C21C31D2755F800481196 /* DemoLoginsSDKsTests.xctest */,
				D98C21CE1D2755F800481196 /* DemoLoginsSDKsUITests.xctest */,
			);
			name = Products;
			sourceTree = "<group>";
		};
		D98C21AE1D2755F700481196 /* DemoLoginsSDKs */ = {
			isa = PBXGroup;
			children = (
				D97E0BC71D29D82F00E71057 /* DemoLoginsSDKs-Bridging-Header.h */,
				D98C21AF1D2755F700481196 /* AppDelegate.swift */,
				D97E0BC51D29B0F100E71057 /* Frameworks */,
				D97E0BB51D29AD6D00E71057 /* Logins */,
				D98C21E21D2757B000481196 /* ViewControllers */,
				D98C21B31D2755F700481196 /* Main.storyboard */,
				D98C21B91D2755F700481196 /* Assets.xcassets */,
				D98C21BB1D2755F700481196 /* LaunchScreen.storyboard */,
				D98C21BE1D2755F700481196 /* Info.plist */,
				D98C21B61D2755F700481196 /* DemoLoginsSDKs.xcdatamodeld */,
			);
			path = DemoLoginsSDKs;
			sourceTree = "<group>";
		};
		D98C21C61D2755F800481196 /* DemoLoginsSDKsTests */ = {
			isa = PBXGroup;
			children = (
				D98C21C71D2755F800481196 /* DemoLoginsSDKsTests.swift */,
				D98C21C91D2755F800481196 /* Info.plist */,
			);
			path = DemoLoginsSDKsTests;
			sourceTree = "<group>";
		};
		D98C21D11D2755F800481196 /* DemoLoginsSDKsUITests */ = {
			isa = PBXGroup;
			children = (
				D98C21D21D2755F800481196 /* DemoLoginsSDKsUITests.swift */,
				D98C21D41D2755F800481196 /* Info.plist */,
			);
			path = DemoLoginsSDKsUITests;
			sourceTree = "<group>";
		};
		D98C21E21D2757B000481196 /* ViewControllers */ = {
			isa = PBXGroup;
			children = (
				D98C21B11D2755F700481196 /* LoginViewController.swift */,
				D98C21E01D27577D00481196 /* LogoutViewController.swift */,
			);
			name = ViewControllers;
			sourceTree = "<group>";
		};
/* End PBXGroup section */

/* Begin PBXNativeTarget section */
		D98C21AB1D2755F700481196 /* DemoLoginsSDKs */ = {
			isa = PBXNativeTarget;
			buildConfigurationList = D98C21D71D2755F800481196 /* Build configuration list for PBXNativeTarget "DemoLoginsSDKs" */;
			buildPhases = (
				D98C21A81D2755F700481196 /* Sources */,
				D98C21A91D2755F700481196 /* Frameworks */,
				D98C21AA1D2755F700481196 /* Resources */,
			);
			buildRules = (
			);
			dependencies = (
			);
			name = DemoLoginsSDKs;
			productName = DemoLoginsSDKs;
			productReference = D98C21AC1D2755F700481196 /* DemoLoginsSDKs.app */;
			productType = "com.apple.product-type.application";
		};
		D98C21C21D2755F800481196 /* DemoLoginsSDKsTests */ = {
			isa = PBXNativeTarget;
			buildConfigurationList = D98C21DA1D2755F800481196 /* Build configuration list for PBXNativeTarget "DemoLoginsSDKsTests" */;
			buildPhases = (
				D98C21BF1D2755F800481196 /* Sources */,
				D98C21C01D2755F800481196 /* Frameworks */,
				D98C21C11D2755F800481196 /* Resources */,
			);
			buildRules = (
			);
			dependencies = (
				D98C21C51D2755F800481196 /* PBXTargetDependency */,
			);
			name = DemoLoginsSDKsTests;
			productName = DemoLoginsSDKsTests;
			productReference = D98C21C31D2755F800481196 /* DemoLoginsSDKsTests.xctest */;
			productType = "com.apple.product-type.bundle.unit-test";
		};
		D98C21CD1D2755F800481196 /* DemoLoginsSDKsUITests */ = {
			isa = PBXNativeTarget;
			buildConfigurationList = D98C21DD1D2755F800481196 /* Build configuration list for PBXNativeTarget "DemoLoginsSDKsUITests" */;
			buildPhases = (
				D98C21CA1D2755F800481196 /* Sources */,
				D98C21CB1D2755F800481196 /* Frameworks */,
				D98C21CC1D2755F800481196 /* Resources */,
			);
			buildRules = (
			);
			dependencies = (
				D98C21D01D2755F800481196 /* PBXTargetDependency */,
			);
			name = DemoLoginsSDKsUITests;
			productName = DemoLoginsSDKsUITests;
			productReference = D98C21CE1D2755F800481196 /* DemoLoginsSDKsUITests.xctest */;
			productType = "com.apple.product-type.bundle.ui-testing";
		};
/* End PBXNativeTarget section */

/* Begin PBXProject section */
		D98C21A41D2755F700481196 /* Project object */ = {
			isa = PBXProject;
			attributes = {
				LastSwiftUpdateCheck = 0730;
				LastUpgradeCheck = 0730;
				ORGANIZATIONNAME = "Layne Faler";
				TargetAttributes = {
					D98C21AB1D2755F700481196 = {
						CreatedOnToolsVersion = 7.3.1;
					};
					D98C21C21D2755F800481196 = {
						CreatedOnToolsVersion = 7.3.1;
						TestTargetID = D98C21AB1D2755F700481196;
					};
					D98C21CD1D2755F800481196 = {
						CreatedOnToolsVersion = 7.3.1;
						TestTargetID = D98C21AB1D2755F700481196;
					};
				};
			};
			buildConfigurationList = D98C21A71D2755F700481196 /* Build configuration list for PBXProject "DemoLoginsSDKs" */;
			compatibilityVersion = "Xcode 3.2";
			developmentRegion = English;
			hasScannedForEncodings = 0;
			knownRegions = (
				en,
				Base,
			);
			mainGroup = D98C21A31D2755F700481196;
			productRefGroup = D98C21AD1D2755F700481196 /* Products */;
			projectDirPath = "";
			projectRoot = "";
			targets = (
				D98C21AB1D2755F700481196 /* DemoLoginsSDKs */,
				D98C21C21D2755F800481196 /* DemoLoginsSDKsTests */,
				D98C21CD1D2755F800481196 /* DemoLoginsSDKsUITests */,
			);
		};
/* End PBXProject section */

/* Begin PBXResourcesBuildPhase section */
		D98C21AA1D2755F700481196 /* Resources */ = {
			isa = PBXResourcesBuildPhase;
			buildActionMask = 2147483647;
			files = (
				D98C21BD1D2755F700481196 /* LaunchScreen.storyboard in Resources */,
				D98C21BA1D2755F700481196 /* Assets.xcassets in Resources */,
				D98C21B51D2755F700481196 /* Main.storyboard in Resources */,
			);
			runOnlyForDeploymentPostprocessing = 0;
		};
		D98C21C11D2755F800481196 /* Resources */ = {
			isa = PBXResourcesBuildPhase;
			buildActionMask = 2147483647;
			files = (
			);
			runOnlyForDeploymentPostprocessing = 0;
		};
		D98C21CC1D2755F800481196 /* Resources */ = {
			isa = PBXResourcesBuildPhase;
			buildActionMask = 2147483647;
			files = (
			);
			runOnlyForDeploymentPostprocessing = 0;
		};
/* End PBXResourcesBuildPhase section */

/* Begin PBXSourcesBuildPhase section */
		D98C21A81D2755F700481196 /* Sources */ = {
			isa = PBXSourcesBuildPhase;
			buildActionMask = 2147483647;
			files = (
				D98C21B81D2755F700481196 /* DemoLoginsSDKs.xcdatamodeld in Sources */,
				D98C21B21D2755F700481196 /* LoginViewController.swift in Sources */,
				D98C21E11D27577D00481196 /* LogoutViewController.swift in Sources */,
				D97E0BB41D29AD6100E71057 /* FacebookConstants.swift in Sources */,
				D98C21B01D2755F700481196 /* AppDelegate.swift in Sources */,
				D97E0BB31D29AD6100E71057 /* FacebookCilent.swift in Sources */,
			);
			runOnlyForDeploymentPostprocessing = 0;
		};
		D98C21BF1D2755F800481196 /* Sources */ = {
			isa = PBXSourcesBuildPhase;
			buildActionMask = 2147483647;
			files = (
				D98C21C81D2755F800481196 /* DemoLoginsSDKsTests.swift in Sources */,
			);
			runOnlyForDeploymentPostprocessing = 0;
		};
		D98C21CA1D2755F800481196 /* Sources */ = {
			isa = PBXSourcesBuildPhase;
			buildActionMask = 2147483647;
			files = (
				D98C21D31D2755F800481196 /* DemoLoginsSDKsUITests.swift in Sources */,
			);
			runOnlyForDeploymentPostprocessing = 0;
		};
/* End PBXSourcesBuildPhase section */

/* Begin PBXTargetDependency section */
		D98C21C51D2755F800481196 /* PBXTargetDependency */ = {
			isa = PBXTargetDependency;
			target = D98C21AB1D2755F700481196 /* DemoLoginsSDKs */;
			targetProxy = D98C21C41D2755F800481196 /* PBXContainerItemProxy */;
		};
		D98C21D01D2755F800481196 /* PBXTargetDependency */ = {
			isa = PBXTargetDependency;
			target = D98C21AB1D2755F700481196 /* DemoLoginsSDKs */;
			targetProxy = D98C21CF1D2755F800481196 /* PBXContainerItemProxy */;
		};
/* End PBXTargetDependency section */

/* Begin PBXVariantGroup section */
		D98C21B31D2755F700481196 /* Main.storyboard */ = {
			isa = PBXVariantGroup;
			children = (
				D98C21B41D2755F700481196 /* Base */,
			);
			name = Main.storyboard;
			sourceTree = "<group>";
		};
		D98C21BB1D2755F700481196 /* LaunchScreen.storyboard */ = {
			isa = PBXVariantGroup;
			children = (
				D98C21BC1D2755F700481196 /* Base */,
			);
			name = LaunchScreen.storyboard;
			sourceTree = "<group>";
		};
/* End PBXVariantGroup section */

/* Begin XCBuildConfiguration section */
		D98C21D51D2755F800481196 /* Debug */ = {
			isa = XCBuildConfiguration;
			buildSettings = {
				ALWAYS_SEARCH_USER_PATHS = NO;
				CLANG_ANALYZER_NONNULL = YES;
				CLANG_CXX_LANGUAGE_STANDARD = "gnu++0x";
				CLANG_CXX_LIBRARY = "libc++";
				CLANG_ENABLE_MODULES = YES;
				CLANG_ENABLE_OBJC_ARC = YES;
				CLANG_WARN_BOOL_CONVERSION = YES;
				CLANG_WARN_CONSTANT_CONVERSION = YES;
				CLANG_WARN_DIRECT_OBJC_ISA_USAGE = YES_ERROR;
				CLANG_WARN_EMPTY_BODY = YES;
				CLANG_WARN_ENUM_CONVERSION = YES;
				CLANG_WARN_INT_CONVERSION = YES;
				CLANG_WARN_OBJC_ROOT_CLASS = YES_ERROR;
				CLANG_WARN_UNREACHABLE_CODE = YES;
				CLANG_WARN__DUPLICATE_METHOD_MATCH = YES;
				"CODE_SIGN_IDENTITY[sdk=iphoneos*]" = "iPhone Developer";
				COPY_PHASE_STRIP = NO;
				DEBUG_INFORMATION_FORMAT = dwarf;
				ENABLE_STRICT_OBJC_MSGSEND = YES;
				ENABLE_TESTABILITY = YES;
				GCC_C_LANGUAGE_STANDARD = gnu99;
				GCC_DYNAMIC_NO_PIC = NO;
				GCC_NO_COMMON_BLOCKS = YES;
				GCC_OPTIMIZATION_LEVEL = 0;
				GCC_PREPROCESSOR_DEFINITIONS = (
					"DEBUG=1",
					"$(inherited)",
				);
				GCC_WARN_64_TO_32_BIT_CONVERSION = YES;
				GCC_WARN_ABOUT_RETURN_TYPE = YES_ERROR;
				GCC_WARN_UNDECLARED_SELECTOR = YES;
				GCC_WARN_UNINITIALIZED_AUTOS = YES_AGGRESSIVE;
				GCC_WARN_UNUSED_FUNCTION = YES;
				GCC_WARN_UNUSED_VARIABLE = YES;
				IPHONEOS_DEPLOYMENT_TARGET = 9.3;
				MTL_ENABLE_DEBUG_INFO = YES;
				ONLY_ACTIVE_ARCH = YES;
				SDKROOT = iphoneos;
				SWIFT_OBJC_BRIDGING_HEADER = "$(SRCROOT)/$(PROJECT_NAME)/DemoLoginsSDKs-Bridging-Header.h";
				SWIFT_OPTIMIZATION_LEVEL = "-Onone";
			};
			name = Debug;
		};
		D98C21D61D2755F800481196 /* Release */ = {
			isa = XCBuildConfiguration;
			buildSettings = {
				ALWAYS_SEARCH_USER_PATHS = NO;
				CLANG_ANALYZER_NONNULL = YES;
				CLANG_CXX_LANGUAGE_STANDARD = "gnu++0x";
				CLANG_CXX_LIBRARY = "libc++";
				CLANG_ENABLE_MODULES = YES;
				CLANG_ENABLE_OBJC_ARC = YES;
				CLANG_WARN_BOOL_CONVERSION = YES;
				CLANG_WARN_CONSTANT_CONVERSION = YES;
				CLANG_WARN_DIRECT_OBJC_ISA_USAGE = YES_ERROR;
				CLANG_WARN_EMPTY_BODY = YES;
				CLANG_WARN_ENUM_CONVERSION = YES;
				CLANG_WARN_INT_CONVERSION = YES;
				CLANG_WARN_OBJC_ROOT_CLASS = YES_ERROR;
				CLANG_WARN_UNREACHABLE_CODE = YES;
				CLANG_WARN__DUPLICATE_METHOD_MATCH = YES;
				"CODE_SIGN_IDENTITY[sdk=iphoneos*]" = "iPhone Developer";
				COPY_PHASE_STRIP = NO;
				DEBUG_INFORMATION_FORMAT = "dwarf-with-dsym";
				ENABLE_NS_ASSERTIONS = NO;
				ENABLE_STRICT_OBJC_MSGSEND = YES;
				GCC_C_LANGUAGE_STANDARD = gnu99;
				GCC_NO_COMMON_BLOCKS = YES;
				GCC_WARN_64_TO_32_BIT_CONVERSION = YES;
				GCC_WARN_ABOUT_RETURN_TYPE = YES_ERROR;
				GCC_WARN_UNDECLARED_SELECTOR = YES;
				GCC_WARN_UNINITIALIZED_AUTOS = YES_AGGRESSIVE;
				GCC_WARN_UNUSED_FUNCTION = YES;
				GCC_WARN_UNUSED_VARIABLE = YES;
				IPHONEOS_DEPLOYMENT_TARGET = 9.3;
				MTL_ENABLE_DEBUG_INFO = NO;
				SDKROOT = iphoneos;
				SWIFT_OBJC_BRIDGING_HEADER = "$(SRCROOT)/$(PROJECT_NAME)/DemoLoginsSDKs-Bridging-Header.h";
				VALIDATE_PRODUCT = YES;
			};
			name = Release;
		};
		D98C21D81D2755F800481196 /* Debug */ = {
			isa = XCBuildConfiguration;
			buildSettings = {
				ASSETCATALOG_COMPILER_APPICON_NAME = AppIcon;
				DEFINES_MODULE = YES;
				FRAMEWORK_SEARCH_PATHS = (
					"$(inherited)",
					"$(PROJECT_DIR)/FacebookSDKs-iOS-4.13.1",
					"$(PROJECT_DIR)/google_signin_sdk_4_0_0",
				);
				INFOPLIST_FILE = DemoLoginsSDKs/Info.plist;
				LD_RUNPATH_SEARCH_PATHS = "$(inherited) @executable_path/Frameworks";
				PRODUCT_BUNDLE_IDENTIFIER = LayneFaler.DemoLoginsSDKs;
				PRODUCT_NAME = "$(TARGET_NAME)";
				SWIFT_OBJC_BRIDGING_HEADER = "DemoLoginsSDKs-Bridging-Header.h";
			};
			name = Debug;
		};
		D98C21D91D2755F800481196 /* Release */ = {
			isa = XCBuildConfiguration;
			buildSettings = {
				ASSETCATALOG_COMPILER_APPICON_NAME = AppIcon;
				DEFINES_MODULE = YES;
				FRAMEWORK_SEARCH_PATHS = (
					"$(inherited)",
					"$(PROJECT_DIR)/FacebookSDKs-iOS-4.13.1",
					"$(PROJECT_DIR)/google_signin_sdk_4_0_0",
				);
				INFOPLIST_FILE = DemoLoginsSDKs/Info.plist;
				LD_RUNPATH_SEARCH_PATHS = "$(inherited) @executable_path/Frameworks";
				PRODUCT_BUNDLE_IDENTIFIER = LayneFaler.DemoLoginsSDKs;
				PRODUCT_NAME = "$(TARGET_NAME)";
				SWIFT_OBJC_BRIDGING_HEADER = "DemoLoginsSDKs-Bridging-Header.h";
			};
			name = Release;
		};
		D98C21DB1D2755F800481196 /* Debug */ = {
			isa = XCBuildConfiguration;
			buildSettings = {
				BUNDLE_LOADER = "$(TEST_HOST)";
				INFOPLIST_FILE = DemoLoginsSDKsTests/Info.plist;
				LD_RUNPATH_SEARCH_PATHS = "$(inherited) @executable_path/Frameworks @loader_path/Frameworks";
				PRODUCT_BUNDLE_IDENTIFIER = LayneFaler.DemoLoginsSDKsTests;
				PRODUCT_NAME = "$(TARGET_NAME)";
				TEST_HOST = "$(BUILT_PRODUCTS_DIR)/DemoLoginsSDKs.app/DemoLoginsSDKs";
			};
			name = Debug;
		};
		D98C21DC1D2755F800481196 /* Release */ = {
			isa = XCBuildConfiguration;
			buildSettings = {
				BUNDLE_LOADER = "$(TEST_HOST)";
				INFOPLIST_FILE = DemoLoginsSDKsTests/Info.plist;
				LD_RUNPATH_SEARCH_PATHS = "$(inherited) @executable_path/Frameworks @loader_path/Frameworks";
				PRODUCT_BUNDLE_IDENTIFIER = LayneFaler.DemoLoginsSDKsTests;
				PRODUCT_NAME = "$(TARGET_NAME)";
				TEST_HOST = "$(BUILT_PRODUCTS_DIR)/DemoLoginsSDKs.app/DemoLoginsSDKs";
			};
			name = Release;
		};
		D98C21DE1D2755F800481196 /* Debug */ = {
			isa = XCBuildConfiguration;
			buildSettings = {
				INFOPLIST_FILE = DemoLoginsSDKsUITests/Info.plist;
				LD_RUNPATH_SEARCH_PATHS = "$(inherited) @executable_path/Frameworks @loader_path/Frameworks";
				PRODUCT_BUNDLE_IDENTIFIER = LayneFaler.DemoLoginsSDKsUITests;
				PRODUCT_NAME = "$(TARGET_NAME)";
				TEST_TARGET_NAME = DemoLoginsSDKs;
			};
			name = Debug;
		};
		D98C21DF1D2755F800481196 /* Release */ = {
			isa = XCBuildConfiguration;
			buildSettings = {
				INFOPLIST_FILE = DemoLoginsSDKsUITests/Info.plist;
				LD_RUNPATH_SEARCH_PATHS = "$(inherited) @executable_path/Frameworks @loader_path/Frameworks";
				PRODUCT_BUNDLE_IDENTIFIER = LayneFaler.DemoLoginsSDKsUITests;
				PRODUCT_NAME = "$(TARGET_NAME)";
				TEST_TARGET_NAME = DemoLoginsSDKs;
			};
			name = Release;
		};
/* End XCBuildConfiguration section */

/* Begin XCConfigurationList section */
		D98C21A71D2755F700481196 /* Build configuration list for PBXProject "DemoLoginsSDKs" */ = {
			isa = XCConfigurationList;
			buildConfigurations = (
				D98C21D51D2755F800481196 /* Debug */,
				D98C21D61D2755F800481196 /* Release */,
			);
			defaultConfigurationIsVisible = 0;
			defaultConfigurationName = Release;
		};
		D98C21D71D2755F800481196 /* Build configuration list for PBXNativeTarget "DemoLoginsSDKs" */ = {
			isa = XCConfigurationList;
			buildConfigurations = (
				D98C21D81D2755F800481196 /* Debug */,
				D98C21D91D2755F800481196 /* Release */,
			);
			defaultConfigurationIsVisible = 0;
			defaultConfigurationName = Release;
		};
		D98C21DA1D2755F800481196 /* Build configuration list for PBXNativeTarget "DemoLoginsSDKsTests" */ = {
			isa = XCConfigurationList;
			buildConfigurations = (
				D98C21DB1D2755F800481196 /* Debug */,
				D98C21DC1D2755F800481196 /* Release */,
			);
			defaultConfigurationIsVisible = 0;
			defaultConfigurationName = Release;
		};
		D98C21DD1D2755F800481196 /* Build configuration list for PBXNativeTarget "DemoLoginsSDKsUITests" */ = {
			isa = XCConfigurationList;
			buildConfigurations = (
				D98C21DE1D2755F800481196 /* Debug */,
				D98C21DF1D2755F800481196 /* Release */,
			);
			defaultConfigurationIsVisible = 0;
			defaultConfigurationName = Release;
		};
/* End XCConfigurationList section */

/* Begin XCVersionGroup section */
		D98C21B61D2755F700481196 /* DemoLoginsSDKs.xcdatamodeld */ = {
			isa = XCVersionGroup;
			children = (
				D98C21B71D2755F700481196 /* DemoLoginsSDKs.xcdatamodel */,
			);
			currentVersion = D98C21B71D2755F700481196 /* DemoLoginsSDKs.xcdatamodel */;
			path = DemoLoginsSDKs.xcdatamodeld;
			sourceTree = "<group>";
			versionGroupType = wrapper.xcdatamodel;
		};
/* End XCVersionGroup section */
	};
	rootObject = D98C21A41D2755F700481196 /* Project object */;
}
